{
  "name": "test-folder",
  "lockfileVersion": 3,
  "requires": true,
  "packages": {
    "": {
      "dependencies": {
        "@binayrajparajuli17/binay-parajuli": "^1.1.1"
      }
    },
    "../package-folder": {
      "name": "@binayrajparajuli17/binay-parajuli",
      "version": "1.1.1",
      "license": "ISC",
      "dependencies": {
        "binay-parajuli": "^1.0.1"
      }
    },
    "node_modules/@binayrajparajuli17/binay-parajuli": {
      "version": "1.1.1",
      "resolved": "https://registry.npmjs.org/@binayrajparajuli17/binay-parajuli/-/binay-parajuli-1.1.1.tgz",
      "integrity": "sha512-XBUbHtTfHcpri/Hp6YaQgZqgFuFcVdjMphz9bYy3LnOsvFiFsjUBankpH+xRWnIHIxrpzHZTZ9gdDgEBkwtdCg==",
      "dependencies": {
        "binay-parajuli": "^1.0.1"
      }
    },
    "node_modules/binay-parajuli": {
      "resolved": "../package-folder",
      "link": true
    }
  }
}
