{
  "name": "binay-parajuli",
  "version": "1.0.1",
  "lockfileVersion": 3,
  "requires": true,
  "packages": {
    "": {
      "name": "binay-parajuli",
      "version": "1.0.1",
      "license": "ISC",
      "dependencies": {
        "binay-parajuli": "^1.0.1"
      }
    },
    "node_modules/binay-parajuli": {
      "version": "1.0.1",
      "resolved": "https://registry.npmjs.org/binay-parajuli/-/binay-parajuli-1.0.1.tgz",
      "integrity": "sha512-Pct0tJu6pdYBvXcWPcBC1dLAWp0TLGBWMXXE4xEc/k60BO722TaonzhCTLkOiHuWihdLZMCZxBN+zHfBPnaotQ=="
    }
  }
}
